
Microsoft Visual Studio Solution File, Format Version 12.00
# Visual Studio Version 16
VisualStudioVersion = 16.0.29324.140
MinimumVisualStudioVersion = 10.0.40219.1
Project("{FAE04EC0-301F-11D3-BF4B-00C04F79EFBC}") = "DataView", "DataView\DataView.csproj", "{DCB5E52C-68B6-4830-9B04-0807B55DFC4E}"
EndProject
Project("{FAE04EC0-301F-11D3-BF4B-00C04F79EFBC}") = "DataGenerate", "DataGenerate\DataGenerate.csproj", "{4AD7D764-7B98-4D9F-98FB-7CD4F409B996}"
EndProject
Global
	GlobalSection(SolutionConfigurationPlatforms) = preSolution
		Debug|Any CPU = Debug|Any CPU
		Release|Any CPU = Release|Any CPU
	EndGlobalSection
	GlobalSection(ProjectConfigurationPlatforms) = postSolution
		{DCB5E52C-68B6-4830-9B04-0807B55DFC4E}.Debug|Any CPU.ActiveCfg = Debug|Any CPU
		{DCB5E52C-68B6-4830-9B04-0807B55DFC4E}.Debug|Any CPU.Build.0 = Debug|Any CPU
		{DCB5E52C-68B6-4830-9B04-0807B55DFC4E}.Release|Any CPU.ActiveCfg = Release|Any CPU
		{DCB5E52C-68B6-4830-9B04-0807B55DFC4E}.Release|Any CPU.Build.0 = Release|Any CPU
		{4AD7D764-7B98-4D9F-98FB-7CD4F409B996}.Debug|Any CPU.ActiveCfg = Debug|Any CPU
		{4AD7D764-7B98-4D9F-98FB-7CD4F409B996}.Debug|Any CPU.Build.0 = Debug|Any CPU
		{4AD7D764-7B98-4D9F-98FB-7CD4F409B996}.Release|Any CPU.ActiveCfg = Release|Any CPU
		{4AD7D764-7B98-4D9F-98FB-7CD4F409B996}.Release|Any CPU.Build.0 = Release|Any CPU
	EndGlobalSection
	GlobalSection(SolutionProperties) = preSolution
		HideSolutionNode = FALSE
	EndGlobalSection
	GlobalSection(ExtensibilityGlobals) = postSolution
		SolutionGuid = {83102946-A290-4276-B860-FFE297C649A8}
	EndGlobalSection
EndGlobal
